// !$*UTF8*$!
{
	archiveVersion = 1;
	classes = {
	};
	objectVersion = 55;
	objects = {

/* Begin PBXBuildFile section */
		221B33CA282FB27F00A6892B /* FirstEndOneViewController.swift in Sources */ = {isa = PBXBuildFile; fileRef = 221B33C9282FB27F00A6892B /* FirstEndOneViewController.swift */; };
		221B33CC282FB28B00A6892B /* FirstEndTwoViewController.swift in Sources */ = {isa = PBXBuildFile; fileRef = 221B33CB282FB28B00A6892B /* FirstEndTwoViewController.swift */; };
		221D1F31282FA6B200708D54 /* AppDelegate.swift in Sources */ = {isa = PBXBuildFile; fileRef = 221D1F30282FA6B200708D54 /* AppDelegate.swift */; };
		221D1F33282FA6B200708D54 /* SceneDelegate.swift in Sources */ = {isa = PBXBuildFile; fileRef = 221D1F32282FA6B200708D54 /* SceneDelegate.swift */; };
		221D1F35282FA6B200708D54 /* ViewController.swift in Sources */ = {isa = PBXBuildFile; fileRef = 221D1F34282FA6B200708D54 /* ViewController.swift */; };
		221D1F38282FA6B200708D54 /* Main.storyboard in Resources */ = {isa = PBXBuildFile; fileRef = 221D1F36282FA6B200708D54 /* Main.storyboard */; };
		221D1F3A282FA6B300708D54 /* Assets.xcassets in Resources */ = {isa = PBXBuildFile; fileRef = 221D1F39282FA6B300708D54 /* Assets.xcassets */; };
		221D1F3D282FA6B300708D54 /* LaunchScreen.storyboard in Resources */ = {isa = PBXBuildFile; fileRef = 221D1F3B282FA6B300708D54 /* LaunchScreen.storyboard */; };
		221D1F45282FAA1900708D54 /* SecondViewController.swift in Sources */ = {isa = PBXBuildFile; fileRef = 221D1F44282FAA1900708D54 /* SecondViewController.swift */; };
/* End PBXBuildFile section */

/* Begin PBXFileReference section */
		221B33C9282FB27F00A6892B /* FirstEndOneViewController.swift */ = {isa = PBXFileReference; lastKnownFileType = sourcecode.swift; path = FirstEndOneViewController.swift; sourceTree = "<group>"; };
		221B33CB282FB28B00A6892B /* FirstEndTwoViewController.swift */ = {isa = PBXFileReference; lastKnownFileType = sourcecode.swift; path = FirstEndTwoViewController.swift; sourceTree = "<group>"; };
		221D1F2D282FA6B200708D54 /* Peter_L15_WaysBetweenControllers.app */ = {isa = PBXFileReference; explicitFileType = wrapper.application; includeInIndex = 0; path = Peter_L15_WaysBetweenControllers.app; sourceTree = BUILT_PRODUCTS_DIR; };
		221D1F30282FA6B200708D54 /* AppDelegate.swift */ = {isa = PBXFileReference; lastKnownFileType = sourcecode.swift; path = AppDelegate.swift; sourceTree = "<group>"; };
		221D1F32282FA6B200708D54 /* SceneDelegate.swift */ = {isa = PBXFileReference; lastKnownFileType = sourcecode.swift; path = SceneDelegate.swift; sourceTree = "<group>"; };
		221D1F34282FA6B200708D54 /* ViewController.swift */ = {isa = PBXFileReference; lastKnownFileType = sourcecode.swift; path = ViewController.swift; sourceTree = "<group>"; };
		221D1F37282FA6B200708D54 /* Base */ = {isa = PBXFileReference; lastKnownFileType = file.storyboard; name = Base; path = Base.lproj/Main.storyboard; sourceTree = "<group>"; };
		221D1F39282FA6B300708D54 /* Assets.xcassets */ = {isa = PBXFileReference; lastKnownFileType = folder.assetcatalog; path = Assets.xcassets; sourceTree = "<group>"; };
		221D1F3C282FA6B300708D54 /* Base */ = {isa = PBXFileReference; lastKnownFileType = file.storyboard; name = Base; path = Base.lproj/LaunchScreen.storyboard; sourceTree = "<group>"; };
		221D1F3E282FA6B300708D54 /* Info.plist */ = {isa = PBXFileReference; lastKnownFileType = text.plist.xml; path = Info.plist; sourceTree = "<group>"; };
		221D1F44282FAA1900708D54 /* SecondViewController.swift */ = {isa = PBXFileReference; lastKnownFileType = sourcecode.swift; path = SecondViewController.swift; sourceTree = "<group>"; };
/* End PBXFileReference section */

/* Begin PBXFrameworksBuildPhase section */
		221D1F2A282FA6B200708D54 /* Frameworks */ = {
			isa = PBXFrameworksBuildPhase;
			buildActionMask = 2147483647;
			files = (
			);
			runOnlyForDeploymentPostprocessing = 0;
		};
/* End PBXFrameworksBuildPhase section */

/* Begin PBXGroup section */
		221D1F24282FA6B200708D54 = {
			isa = PBXGroup;
			children = (
				221D1F2F282FA6B200708D54 /* Peter_L15_WaysBetweenControllers */,
				221D1F2E282FA6B200708D54 /* Products */,
			);
			sourceTree = "<group>";
		};
		221D1F2E282FA6B200708D54 /* Products */ = {
			isa = PBXGroup;
			children = (
				221D1F2D282FA6B200708D54 /* Peter_L15_WaysBetweenControllers.app */,
			);
			name = Products;
			sourceTree = "<group>";
		};
		221D1F2F282FA6B200708D54 /* Peter_L15_WaysBetweenControllers */ = {
			isa = PBXGroup;
			children = (
				221D1F30282FA6B200708D54 /* AppDelegate.swift */,
				221D1F32282FA6B200708D54 /* SceneDelegate.swift */,
				221D1F34282FA6B200708D54 /* ViewController.swift */,
				221D1F36282FA6B200708D54 /* Main.storyboard */,
				221D1F39282FA6B300708D54 /* Assets.xcassets */,
				221D1F3B282FA6B300708D54 /* LaunchScreen.storyboard */,
				221D1F3E282FA6B300708D54 /* Info.plist */,
				221D1F44282FAA1900708D54 /* SecondViewController.swift */,
				221B33C9282FB27F00A6892B /* FirstEndOneViewController.swift */,
				221B33CB282FB28B00A6892B /* FirstEndTwoViewController.swift */,
			);
			path = Peter_L15_WaysBetweenControllers;
			sourceTree = "<group>";
		};
/* End PBXGroup section */

/* Begin PBXNativeTarget section */
		221D1F2C282FA6B200708D54 /* Peter_L15_WaysBetweenControllers */ = {
			isa = PBXNativeTarget;
			buildConfigurationList = 221D1F41282FA6B300708D54 /* Build configuration list for PBXNativeTarget "Peter_L15_WaysBetweenControllers" */;
			buildPhases = (
				221D1F29282FA6B200708D54 /* Sources */,
				221D1F2A282FA6B200708D54 /* Frameworks */,
				221D1F2B282FA6B200708D54 /* Resources */,
			);
			buildRules = (
			);
			dependencies = (
			);
			name = Peter_L15_WaysBetweenControllers;
			productName = Peter_L15_WaysBetweenControllers;
			productReference = 221D1F2D282FA6B200708D54 /* Peter_L15_WaysBetweenControllers.app */;
			productType = "com.apple.product-type.application";
		};
/* End PBXNativeTarget section */

/* Begin PBXProject section */
		221D1F25282FA6B200708D54 /* Project object */ = {
			isa = PBXProject;
			attributes = {
				BuildIndependentTargetsInParallel = 1;
				LastSwiftUpdateCheck = 1330;
				LastUpgradeCheck = 1330;
				TargetAttributes = {
					221D1F2C282FA6B200708D54 = {
						CreatedOnToolsVersion = 13.3.1;
					};
				};
			};
			buildConfigurationList = 221D1F28282FA6B200708D54 /* Build configuration list for PBXProject "Peter_L15_WaysBetweenControllers" */;
			compatibilityVersion = "Xcode 13.0";
			developmentRegion = en;
			hasScannedForEncodings = 0;
			knownRegions = (
				en,
				Base,
			);
			mainGroup = 221D1F24282FA6B200708D54;
			productRefGroup = 221D1F2E282FA6B200708D54 /* Products */;
			projectDirPath = "";
			projectRoot = "";
			targets = (
				221D1F2C282FA6B200708D54 /* Peter_L15_WaysBetweenControllers */,
			);
		};
/* End PBXProject section */

/* Begin PBXResourcesBuildPhase section */
		221D1F2B282FA6B200708D54 /* Resources */ = {
			isa = PBXResourcesBuildPhase;
			buildActionMask = 2147483647;
			files = (
				221D1F3D282FA6B300708D54 /* LaunchScreen.storyboard in Resources */,
				221D1F3A282FA6B300708D54 /* Assets.xcassets in Resources */,
				221D1F38282FA6B200708D54 /* Main.storyboard in Resources */,
			);
			runOnlyForDeploymentPostprocessing = 0;
		};
/* End PBXResourcesBuildPhase section */

/* Begin PBXSourcesBuildPhase section */
		221D1F29282FA6B200708D54 /* Sources */ = {
			isa = PBXSourcesBuildPhase;
			buildActionMask = 2147483647;
			files = (
				221B33CC282FB28B00A6892B /* FirstEndTwoViewController.swift in Sources */,
				221B33CA282FB27F00A6892B /* FirstEndOneViewController.swift in Sources */,
				221D1F45282FAA1900708D54 /* SecondViewController.swift in Sources */,
				221D1F35282FA6B200708D54 /* ViewController.swift in Sources */,
				221D1F31282FA6B200708D54 /* AppDelegate.swift in Sources */,
				221D1F33282FA6B200708D54 /* SceneDelegate.swift in Sources */,
			);
			runOnlyForDeploymentPostprocessing = 0;
		};
/* End PBXSourcesBuildPhase section */

/* Begin PBXVariantGroup section */
		221D1F36282FA6B200708D54 /* Main.storyboard */ = {
			isa = PBXVariantGroup;
			children = (
				221D1F37282FA6B200708D54 /* Base */,
			);
			name = Main.storyboard;
			sourceTree = "<group>";
		};
		221D1F3B282FA6B300708D54 /* LaunchScreen.storyboard */ = {
			isa = PBXVariantGroup;
			children = (
				221D1F3C282FA6B300708D54 /* Base */,
			);
			name = LaunchScreen.storyboard;
			sourceTree = "<group>";
		};
/* End PBXVariantGroup section */

/* Begin XCBuildConfiguration section */
		221D1F3F282FA6B300708D54 /* Debug */ = {
			isa = XCBuildConfiguration;
			buildSettings = {
				ALWAYS_SEARCH_USER_PATHS = NO;
				CLANG_ANALYZER_NONNULL = YES;
				CLANG_ANALYZER_NUMBER_OBJECT_CONVERSION = YES_AGGRESSIVE;
				CLANG_CXX_LANGUAGE_STANDARD = "gnu++17";
				CLANG_ENABLE_MODULES = YES;
				CLANG_ENABLE_OBJC_ARC = YES;
				CLANG_ENABLE_OBJC_WEAK = YES;
				CLANG_WARN_BLOCK_CAPTURE_AUTORELEASING = YES;
				CLANG_WARN_BOOL_CONVERSION = YES;
				CLANG_WARN_COMMA = YES;
				CLANG_WARN_CONSTANT_CONVERSION = YES;
				CLANG_WARN_DEPRECATED_OBJC_IMPLEMENTATIONS = YES;
				CLANG_WARN_DIRECT_OBJC_ISA_USAGE = YES_ERROR;
				CLANG_WARN_DOCUMENTATION_COMMENTS = YES;
				CLANG_WARN_EMPTY_BODY = YES;
				CLANG_WARN_ENUM_CONVERSION = YES;
				CLANG_WARN_INFINITE_RECURSION = YES;
				CLANG_WARN_INT_CONVERSION = YES;
				CLANG_WARN_NON_LITERAL_NULL_CONVERSION = YES;
				CLANG_WARN_OBJC_IMPLICIT_RETAIN_SELF = YES;
				CLANG_WARN_OBJC_LITERAL_CONVERSION = YES;
				CLANG_WARN_OBJC_ROOT_CLASS = YES_ERROR;
				CLANG_WARN_QUOTED_INCLUDE_IN_FRAMEWORK_HEADER = YES;
				CLANG_WARN_RANGE_LOOP_ANALYSIS = YES;
				CLANG_WARN_STRICT_PROTOTYPES = YES;
				CLANG_WARN_SUSPICIOUS_MOVE = YES;
				CLANG_WARN_UNGUARDED_AVAILABILITY = YES_AGGRESSIVE;
				CLANG_WARN_UNREACHABLE_CODE = YES;
				CLANG_WARN__DUPLICATE_METHOD_MATCH = YES;
				COPY_PHASE_STRIP = NO;
				DEBUG_INFORMATION_FORMAT = dwarf;
				ENABLE_STRICT_OBJC_MSGSEND = YES;
				ENABLE_TESTABILITY = YES;
				GCC_C_LANGUAGE_STANDARD = gnu11;
				GCC_DYNAMIC_NO_PIC = NO;
				GCC_NO_COMMON_BLOCKS = YES;
				GCC_OPTIMIZATION_LEVEL = 0;
				GCC_PREPROCESSOR_DEFINITIONS = (
					"DEBUG=1",
					"$(inherited)",
				);
				GCC_WARN_64_TO_32_BIT_CONVERSION = YES;
				GCC_WARN_ABOUT_RETURN_TYPE = YES_ERROR;
				GCC_WARN_UNDECLARED_SELECTOR = YES;
				GCC_WARN_UNINITIALIZED_AUTOS = YES_AGGRESSIVE;
				GCC_WARN_UNUSED_FUNCTION = YES;
				GCC_WARN_UNUSED_VARIABLE = YES;
				IPHONEOS_DEPLOYMENT_TARGET = 15.4;
				MTL_ENABLE_DEBUG_INFO = INCLUDE_SOURCE;
				MTL_FAST_MATH = YES;
				ONLY_ACTIVE_ARCH = YES;
				SDKROOT = iphoneos;
				SWIFT_ACTIVE_COMPILATION_CONDITIONS = DEBUG;
				SWIFT_OPTIMIZATION_LEVEL = "-Onone";
			};
			name = Debug;
		};
		221D1F40282FA6B300708D54 /* Release */ = {
			isa = XCBuildConfiguration;
			buildSettings = {
				ALWAYS_SEARCH_USER_PATHS = NO;
				CLANG_ANALYZER_NONNULL = YES;
				CLANG_ANALYZER_NUMBER_OBJECT_CONVERSION = YES_AGGRESSIVE;
				CLANG_CXX_LANGUAGE_STANDARD = "gnu++17";
				CLANG_ENABLE_MODULES = YES;
				CLANG_ENABLE_OBJC_ARC = YES;
				CLANG_ENABLE_OBJC_WEAK = YES;
				CLANG_WARN_BLOCK_CAPTURE_AUTORELEASING = YES;
				CLANG_WARN_BOOL_CONVERSION = YES;
				CLANG_WARN_COMMA = YES;
				CLANG_WARN_CONSTANT_CONVERSION = YES;
				CLANG_WARN_DEPRECATED_OBJC_IMPLEMENTATIONS = YES;
				CLANG_WARN_DIRECT_OBJC_ISA_USAGE = YES_ERROR;
				CLANG_WARN_DOCUMENTATION_COMMENTS = YES;
				CLANG_WARN_EMPTY_BODY = YES;
				CLANG_WARN_ENUM_CONVERSION = YES;
				CLANG_WARN_INFINITE_RECURSION = YES;
				CLANG_WARN_INT_CONVERSION = YES;
				CLANG_WARN_NON_LITERAL_NULL_CONVERSION = YES;
				CLANG_WARN_OBJC_IMPLICIT_RETAIN_SELF = YES;
				CLANG_WARN_OBJC_LITERAL_CONVERSION = YES;
				CLANG_WARN_OBJC_ROOT_CLASS = YES_ERROR;
				CLANG_WARN_QUOTED_INCLUDE_IN_FRAMEWORK_HEADER = YES;
				CLANG_WARN_RANGE_LOOP_ANALYSIS = YES;
				CLANG_WARN_STRICT_PROTOTYPES = YES;
				CLANG_WARN_SUSPICIOUS_MOVE = YES;
				CLANG_WARN_UNGUARDED_AVAILABILITY = YES_AGGRESSIVE;
				CLANG_WARN_UNREACHABLE_CODE = YES;
				CLANG_WARN__DUPLICATE_METHOD_MATCH = YES;
				COPY_PHASE_STRIP = NO;
				DEBUG_INFORMATION_FORMAT = "dwarf-with-dsym";
				ENABLE_NS_ASSERTIONS = NO;
				ENABLE_STRICT_OBJC_MSGSEND = YES;
				GCC_C_LANGUAGE_STANDARD = gnu11;
				GCC_NO_COMMON_BLOCKS = YES;
				GCC_WARN_64_TO_32_BIT_CONVERSION = YES;
				GCC_WARN_ABOUT_RETURN_TYPE = YES_ERROR;
				GCC_WARN_UNDECLARED_SELECTOR = YES;
				GCC_WARN_UNINITIALIZED_AUTOS = YES_AGGRESSIVE;
				GCC_WARN_UNUSED_FUNCTION = YES;
				GCC_WARN_UNUSED_VARIABLE = YES;
				IPHONEOS_DEPLOYMENT_TARGET = 15.4;
				MTL_ENABLE_DEBUG_INFO = NO;
				MTL_FAST_MATH = YES;
				SDKROOT = iphoneos;
				SWIFT_COMPILATION_MODE = wholemodule;
				SWIFT_OPTIMIZATION_LEVEL = "-O";
				VALIDATE_PRODUCT = YES;
			};
			name = Release;
		};
		221D1F42282FA6B300708D54 /* Debug */ = {
			isa = XCBuildConfiguration;
			buildSettings = {
				ASSETCATALOG_COMPILER_APPICON_NAME = AppIcon;
				ASSETCATALOG_COMPILER_GLOBAL_ACCENT_COLOR_NAME = AccentColor;
				CODE_SIGN_STYLE = Automatic;
				CURRENT_PROJECT_VERSION = 1;
				DEVELOPMENT_TEAM = DXUHD47ZA5;
				GENERATE_INFOPLIST_FILE = YES;
				INFOPLIST_FILE = Peter_L15_WaysBetweenControllers/Info.plist;
				INFOPLIST_KEY_UIApplicationSupportsIndirectInputEvents = YES;
				INFOPLIST_KEY_UILaunchStoryboardName = LaunchScreen;
				INFOPLIST_KEY_UIMainStoryboardFile = Main;
				INFOPLIST_KEY_UISupportedInterfaceOrientations_iPad = "UIInterfaceOrientationPortrait UIInterfaceOrientationPortraitUpsideDown UIInterfaceOrientationLandscapeLeft UIInterfaceOrientationLandscapeRight";
				INFOPLIST_KEY_UISupportedInterfaceOrientations_iPhone = "UIInterfaceOrientationPortrait UIInterfaceOrientationLandscapeLeft UIInterfaceOrientationLandscapeRight";
				LD_RUNPATH_SEARCH_PATHS = (
					"$(inherited)",
					"@executable_path/Frameworks",
				);
				MARKETING_VERSION = 1.0;
				PRODUCT_BUNDLE_IDENTIFIER = "WindForceStudio.Peter-L15-WaysBetweenControllers";
				PRODUCT_NAME = "$(TARGET_NAME)";
				SWIFT_EMIT_LOC_STRINGS = YES;
				SWIFT_VERSION = 5.0;
				TARGETED_DEVICE_FAMILY = "1,2";
			};
			name = Debug;
		};
		221D1F43282FA6B300708D54 /* Release */ = {
			isa = XCBuildConfiguration;
			buildSettings = {
				ASSETCATALOG_COMPILER_APPICON_NAME = AppIcon;
				ASSETCATALOG_COMPILER_GLOBAL_ACCENT_COLOR_NAME = AccentColor;
				CODE_SIGN_STYLE = Automatic;
				CURRENT_PROJECT_VERSION = 1;
				DEVELOPMENT_TEAM = DXUHD47ZA5;
				GENERATE_INFOPLIST_FILE = YES;
				INFOPLIST_FILE = Peter_L15_WaysBetweenControllers/Info.plist;
				INFOPLIST_KEY_UIApplicationSupportsIndirectInputEvents = YES;
				INFOPLIST_KEY_UILaunchStoryboardName = LaunchScreen;
				INFOPLIST_KEY_UIMainStoryboardFile = Main;
				INFOPLIST_KEY_UISupportedInterfaceOrientations_iPad = "UIInterfaceOrientationPortrait UIInterfaceOrientationPortraitUpsideDown UIInterfaceOrientationLandscapeLeft UIInterfaceOrientationLandscapeRight";
				INFOPLIST_KEY_UISupportedInterfaceOrientations_iPhone = "UIInterfaceOrientationPortrait UIInterfaceOrientationLandscapeLeft UIInterfaceOrientationLandscapeRight";
				LD_RUNPATH_SEARCH_PATHS = (
					"$(inherited)",
					"@executable_path/Frameworks",
				);
				MARKETING_VERSION = 1.0;
				PRODUCT_BUNDLE_IDENTIFIER = "WindForceStudio.Peter-L15-WaysBetweenControllers";
				PRODUCT_NAME = "$(TARGET_NAME)";
				SWIFT_EMIT_LOC_STRINGS = YES;
				SWIFT_VERSION = 5.0;
				TARGETED_DEVICE_FAMILY = "1,2";
			};
			name = Release;
		};
/* End XCBuildConfiguration section */

/* Begin XCConfigurationList section */
		221D1F28282FA6B200708D54 /* Build configuration list for PBXProject "Peter_L15_WaysBetweenControllers" */ = {
			isa = XCConfigurationList;
			buildConfigurations = (
				221D1F3F282FA6B300708D54 /* Debug */,
				221D1F40282FA6B300708D54 /* Release */,
			);
			defaultConfigurationIsVisible = 0;
			defaultConfigurationName = Release;
		};
		221D1F41282FA6B300708D54 /* Build configuration list for PBXNativeTarget "Peter_L15_WaysBetweenControllers" */ = {
			isa = XCConfigurationList;
			buildConfigurations = (
				221D1F42282FA6B300708D54 /* Debug */,
				221D1F43282FA6B300708D54 /* Release */,
			);
			defaultConfigurationIsVisible = 0;
			defaultConfigurationName = Release;
		};
/* End XCConfigurationList section */
	};
	rootObject = 221D1F25282FA6B200708D54 /* Project object */;
}
